// !$*UTF8*$!
{
	archiveVersion = 1;
	classes = {
	};
	objectVersion = 56;
	objects = {

/* Begin PBXBuildFile section */
		A7A4E39A8E1C48398F24E163 /* Pods_CoreDataProject.framework in Frameworks */ = {isa = PBXBuildFile; fileRef = 9B19D1E9E65D2059055F5AB7 /* Pods_CoreDataProject.framework */; };
		C780133E2D5F3CDC00E3B293 /* AppDelegate.swift in Sources */ = {isa = PBXBuildFile; fileRef = C780133D2D5F3CDC00E3B293 /* AppDelegate.swift */; };
		C78013402D5F3CDC00E3B293 /* SceneDelegate.swift in Sources */ = {isa = PBXBuildFile; fileRef = C780133F2D5F3CDC00E3B293 /* SceneDelegate.swift */; };
		C78013422D5F3CDC00E3B293 /* ViewController.swift in Sources */ = {isa = PBXBuildFile; fileRef = C78013412D5F3CDC00E3B293 /* ViewController.swift */; };
		C78013482D5F3CDC00E3B293 /* CoreDataProject.xcdatamodeld in Sources */ = {isa = PBXBuildFile; fileRef = C78013462D5F3CDC00E3B293 /* CoreDataProject.xcdatamodeld */; };
		C780134A2D5F3CDD00E3B293 /* Assets.xcassets in Resources */ = {isa = PBXBuildFile; fileRef = C78013492D5F3CDD00E3B293 /* Assets.xcassets */; };
		C780134D2D5F3CDD00E3B293 /* Base in Resources */ = {isa = PBXBuildFile; fileRef = C780134C2D5F3CDD00E3B293 /* Base */; };
		C78013552D5F3E4A00E3B293 /* ArtistListViewController.swift in Sources */ = {isa = PBXBuildFile; fileRef = C78013542D5F3E4A00E3B293 /* ArtistListViewController.swift */; };
		C78013572D5F3EBB00E3B293 /* AddArtistViewController.swift in Sources */ = {isa = PBXBuildFile; fileRef = C78013562D5F3EBB00E3B293 /* AddArtistViewController.swift */; };
		C78013592D63527C00E3B293 /* CustomCell.swift in Sources */ = {isa = PBXBuildFile; fileRef = C78013582D63527C00E3B293 /* CustomCell.swift */; };
/* End PBXBuildFile section */

/* Begin PBXFileReference section */
		1AD9FBC03431E83187760690 /* Pods-CoreDataProject.release.xcconfig */ = {isa = PBXFileReference; includeInIndex = 1; lastKnownFileType = text.xcconfig; name = "Pods-CoreDataProject.release.xcconfig"; path = "Target Support Files/Pods-CoreDataProject/Pods-CoreDataProject.release.xcconfig"; sourceTree = "<group>"; };
		3E19E4FC6CCB98D7416F1268 /* Pods-CoreDataProject.debug.xcconfig */ = {isa = PBXFileReference; includeInIndex = 1; lastKnownFileType = text.xcconfig; name = "Pods-CoreDataProject.debug.xcconfig"; path = "Target Support Files/Pods-CoreDataProject/Pods-CoreDataProject.debug.xcconfig"; sourceTree = "<group>"; };
		9B19D1E9E65D2059055F5AB7 /* Pods_CoreDataProject.framework */ = {isa = PBXFileReference; explicitFileType = wrapper.framework; includeInIndex = 0; path = Pods_CoreDataProject.framework; sourceTree = BUILT_PRODUCTS_DIR; };
		C780133A2D5F3CDC00E3B293 /* CoreDataProject.app */ = {isa = PBXFileReference; explicitFileType = wrapper.application; includeInIndex = 0; path = CoreDataProject.app; sourceTree = BUILT_PRODUCTS_DIR; };
		C780133D2D5F3CDC00E3B293 /* AppDelegate.swift */ = {isa = PBXFileReference; lastKnownFileType = sourcecode.swift; path = AppDelegate.swift; sourceTree = "<group>"; };
		C780133F2D5F3CDC00E3B293 /* SceneDelegate.swift */ = {isa = PBXFileReference; lastKnownFileType = sourcecode.swift; path = SceneDelegate.swift; sourceTree = "<group>"; };
		C78013412D5F3CDC00E3B293 /* ViewController.swift */ = {isa = PBXFileReference; lastKnownFileType = sourcecode.swift; path = ViewController.swift; sourceTree = "<group>"; };
		C78013472D5F3CDC00E3B293 /* CoreDataProject.xcdatamodel */ = {isa = PBXFileReference; lastKnownFileType = wrapper.xcdatamodel; path = CoreDataProject.xcdatamodel; sourceTree = "<group>"; };
		C78013492D5F3CDD00E3B293 /* Assets.xcassets */ = {isa = PBXFileReference; lastKnownFileType = folder.assetcatalog; path = Assets.xcassets; sourceTree = "<group>"; };
		C780134C2D5F3CDD00E3B293 /* Base */ = {isa = PBXFileReference; lastKnownFileType = file.storyboard; name = Base; path = Base.lproj/LaunchScreen.storyboard; sourceTree = "<group>"; };
		C780134E2D5F3CDD00E3B293 /* Info.plist */ = {isa = PBXFileReference; lastKnownFileType = text.plist.xml; path = Info.plist; sourceTree = "<group>"; };
		C78013542D5F3E4A00E3B293 /* ArtistListViewController.swift */ = {isa = PBXFileReference; lastKnownFileType = sourcecode.swift; path = ArtistListViewController.swift; sourceTree = "<group>"; };
		C78013562D5F3EBB00E3B293 /* AddArtistViewController.swift */ = {isa = PBXFileReference; lastKnownFileType = sourcecode.swift; path = AddArtistViewController.swift; sourceTree = "<group>"; };
		C78013582D63527C00E3B293 /* CustomCell.swift */ = {isa = PBXFileReference; lastKnownFileType = sourcecode.swift; path = CustomCell.swift; sourceTree = "<group>"; };
/* End PBXFileReference section */

/* Begin PBXFrameworksBuildPhase section */
		C78013372D5F3CDC00E3B293 /* Frameworks */ = {
			isa = PBXFrameworksBuildPhase;
			buildActionMask = 2147483647;
			files = (
				A7A4E39A8E1C48398F24E163 /* Pods_CoreDataProject.framework in Frameworks */,
			);
			runOnlyForDeploymentPostprocessing = 0;
		};
/* End PBXFrameworksBuildPhase section */

/* Begin PBXGroup section */
		0922286E6B2DA5E179C02377 /* Pods */ = {
			isa = PBXGroup;
			children = (
				3E19E4FC6CCB98D7416F1268 /* Pods-CoreDataProject.debug.xcconfig */,
				1AD9FBC03431E83187760690 /* Pods-CoreDataProject.release.xcconfig */,
			);
			path = Pods;
			sourceTree = "<group>";
		};
		C21CDDF7DF7D391455DCE177 /* Frameworks */ = {
			isa = PBXGroup;
			children = (
				9B19D1E9E65D2059055F5AB7 /* Pods_CoreDataProject.framework */,
			);
			name = Frameworks;
			sourceTree = "<group>";
		};
		C78013312D5F3CDC00E3B293 = {
			isa = PBXGroup;
			children = (
				C780133C2D5F3CDC00E3B293 /* CoreDataProject */,
				C780133B2D5F3CDC00E3B293 /* Products */,
				0922286E6B2DA5E179C02377 /* Pods */,
				C21CDDF7DF7D391455DCE177 /* Frameworks */,
			);
			sourceTree = "<group>";
		};
		C780133B2D5F3CDC00E3B293 /* Products */ = {
			isa = PBXGroup;
			children = (
				C780133A2D5F3CDC00E3B293 /* CoreDataProject.app */,
			);
			name = Products;
			sourceTree = "<group>";
		};
		C780133C2D5F3CDC00E3B293 /* CoreDataProject */ = {
			isa = PBXGroup;
			children = (
				C780133D2D5F3CDC00E3B293 /* AppDelegate.swift */,
				C780133F2D5F3CDC00E3B293 /* SceneDelegate.swift */,
				C78013412D5F3CDC00E3B293 /* ViewController.swift */,
				C78013492D5F3CDD00E3B293 /* Assets.xcassets */,
				C780134B2D5F3CDD00E3B293 /* LaunchScreen.storyboard */,
				C780134E2D5F3CDD00E3B293 /* Info.plist */,
				C78013462D5F3CDC00E3B293 /* CoreDataProject.xcdatamodeld */,
				C78013542D5F3E4A00E3B293 /* ArtistListViewController.swift */,
				C78013562D5F3EBB00E3B293 /* AddArtistViewController.swift */,
				C78013582D63527C00E3B293 /* CustomCell.swift */,
			);
			path = CoreDataProject;
			sourceTree = "<group>";
		};
/* End PBXGroup section */

/* Begin PBXNativeTarget section */
		C78013392D5F3CDC00E3B293 /* CoreDataProject */ = {
			isa = PBXNativeTarget;
			buildConfigurationList = C78013512D5F3CDD00E3B293 /* Build configuration list for PBXNativeTarget "CoreDataProject" */;
			buildPhases = (
				976279EB8594AA4BCF754A19 /* [CP] Check Pods Manifest.lock */,
				C78013362D5F3CDC00E3B293 /* Sources */,
				C78013372D5F3CDC00E3B293 /* Frameworks */,
				C78013382D5F3CDC00E3B293 /* Resources */,
				CAC98EE7AC61A1B7B83A87F0 /* [CP] Embed Pods Frameworks */,
			);
			buildRules = (
			);
			dependencies = (
			);
			name = CoreDataProject;
			productName = CoreDataProject;
			productReference = C780133A2D5F3CDC00E3B293 /* CoreDataProject.app */;
			productType = "com.apple.product-type.application";
		};
/* End PBXNativeTarget section */

/* Begin PBXProject section */
		C78013322D5F3CDC00E3B293 /* Project object */ = {
			isa = PBXProject;
			attributes = {
				BuildIndependentTargetsInParallel = 1;
				LastSwiftUpdateCheck = 1540;
				LastUpgradeCheck = 1540;
				TargetAttributes = {
					C78013392D5F3CDC00E3B293 = {
						CreatedOnToolsVersion = 15.4;
					};
				};
			};
			buildConfigurationList = C78013352D5F3CDC00E3B293 /* Build configuration list for PBXProject "CoreDataProject" */;
			compatibilityVersion = "Xcode 14.0";
			developmentRegion = en;
			hasScannedForEncodings = 0;
			knownRegions = (
				en,
				Base,
			);
			mainGroup = C78013312D5F3CDC00E3B293;
			productRefGroup = C780133B2D5F3CDC00E3B293 /* Products */;
			projectDirPath = "";
			projectRoot = "";
			targets = (
				C78013392D5F3CDC00E3B293 /* CoreDataProject */,
			);
		};
/* End PBXProject section */

/* Begin PBXResourcesBuildPhase section */
		C78013382D5F3CDC00E3B293 /* Resources */ = {
			isa = PBXResourcesBuildPhase;
			buildActionMask = 2147483647;
			files = (
				C780134A2D5F3CDD00E3B293 /* Assets.xcassets in Resources */,
				C780134D2D5F3CDD00E3B293 /* Base in Resources */,
			);
			runOnlyForDeploymentPostprocessing = 0;
		};
/* End PBXResourcesBuildPhase section */

/* Begin PBXShellScriptBuildPhase section */
		976279EB8594AA4BCF754A19 /* [CP] Check Pods Manifest.lock */ = {
			isa = PBXShellScriptBuildPhase;
			buildActionMask = 2147483647;
			files = (
			);
			inputFileListPaths = (
			);
			inputPaths = (
				"${PODS_PODFILE_DIR_PATH}/Podfile.lock",
				"${PODS_ROOT}/Manifest.lock",
			);
			name = "[CP] Check Pods Manifest.lock";
			outputFileListPaths = (
			);
			outputPaths = (
				"$(DERIVED_FILE_DIR)/Pods-CoreDataProject-checkManifestLockResult.txt",
			);
			runOnlyForDeploymentPostprocessing = 0;
			shellPath = /bin/sh;
			shellScript = "diff \"${PODS_PODFILE_DIR_PATH}/Podfile.lock\" \"${PODS_ROOT}/Manifest.lock\" > /dev/null\nif [ $? != 0 ] ; then\n    # print error to STDERR\n    echo \"error: The sandbox is not in sync with the Podfile.lock. Run 'pod install' or update your CocoaPods installation.\" >&2\n    exit 1\nfi\n# This output is used by Xcode 'outputs' to avoid re-running this script phase.\necho \"SUCCESS\" > \"${SCRIPT_OUTPUT_FILE_0}\"\n";
			showEnvVarsInLog = 0;
		};
		CAC98EE7AC61A1B7B83A87F0 /* [CP] Embed Pods Frameworks */ = {
			isa = PBXShellScriptBuildPhase;
			buildActionMask = 2147483647;
			files = (
			);
			inputFileListPaths = (
				"${PODS_ROOT}/Target Support Files/Pods-CoreDataProject/Pods-CoreDataProject-frameworks-${CONFIGURATION}-input-files.xcfilelist",
			);
			name = "[CP] Embed Pods Frameworks";
			outputFileListPaths = (
				"${PODS_ROOT}/Target Support Files/Pods-CoreDataProject/Pods-CoreDataProject-frameworks-${CONFIGURATION}-output-files.xcfilelist",
			);
			runOnlyForDeploymentPostprocessing = 0;
			shellPath = /bin/sh;
			shellScript = "\"${PODS_ROOT}/Target Support Files/Pods-CoreDataProject/Pods-CoreDataProject-frameworks.sh\"\n";
			showEnvVarsInLog = 0;
		};
/* End PBXShellScriptBuildPhase section */

/* Begin PBXSourcesBuildPhase section */
		C78013362D5F3CDC00E3B293 /* Sources */ = {
			isa = PBXSourcesBuildPhase;
			buildActionMask = 2147483647;
			files = (
				C78013422D5F3CDC00E3B293 /* ViewController.swift in Sources */,
				C780133E2D5F3CDC00E3B293 /* AppDelegate.swift in Sources */,
				C78013552D5F3E4A00E3B293 /* ArtistListViewController.swift in Sources */,
				C78013482D5F3CDC00E3B293 /* CoreDataProject.xcdatamodeld in Sources */,
				C78013402D5F3CDC00E3B293 /* SceneDelegate.swift in Sources */,
				C78013592D63527C00E3B293 /* CustomCell.swift in Sources */,
				C78013572D5F3EBB00E3B293 /* AddArtistViewController.swift in Sources */,
			);
			runOnlyForDeploymentPostprocessing = 0;
		};
/* End PBXSourcesBuildPhase section */

/* Begin PBXVariantGroup section */
		C780134B2D5F3CDD00E3B293 /* LaunchScreen.storyboard */ = {
			isa = PBXVariantGroup;
			children = (
				C780134C2D5F3CDD00E3B293 /* Base */,
			);
			name = LaunchScreen.storyboard;
			sourceTree = "<group>";
		};
/* End PBXVariantGroup section */

/* Begin XCBuildConfiguration section */
		C780134F2D5F3CDD00E3B293 /* Debug */ = {
			isa = XCBuildConfiguration;
			buildSettings = {
				ALWAYS_SEARCH_USER_PATHS = NO;
				ASSETCATALOG_COMPILER_GENERATE_SWIFT_ASSET_SYMBOL_EXTENSIONS = YES;
				CLANG_ANALYZER_NONNULL = YES;
				CLANG_ANALYZER_NUMBER_OBJECT_CONVERSION = YES_AGGRESSIVE;
				CLANG_CXX_LANGUAGE_STANDARD = "gnu++20";
				CLANG_ENABLE_MODULES = YES;
				CLANG_ENABLE_OBJC_ARC = YES;
				CLANG_ENABLE_OBJC_WEAK = YES;
				CLANG_WARN_BLOCK_CAPTURE_AUTORELEASING = YES;
				CLANG_WARN_BOOL_CONVERSION = YES;
				CLANG_WARN_COMMA = YES;
				CLANG_WARN_CONSTANT_CONVERSION = YES;
				CLANG_WARN_DEPRECATED_OBJC_IMPLEMENTATIONS = YES;
				CLANG_WARN_DIRECT_OBJC_ISA_USAGE = YES_ERROR;
				CLANG_WARN_DOCUMENTATION_COMMENTS = YES;
				CLANG_WARN_EMPTY_BODY = YES;
				CLANG_WARN_ENUM_CONVERSION = YES;
				CLANG_WARN_INFINITE_RECURSION = YES;
				CLANG_WARN_INT_CONVERSION = YES;
				CLANG_WARN_NON_LITERAL_NULL_CONVERSION = YES;
				CLANG_WARN_OBJC_IMPLICIT_RETAIN_SELF = YES;
				CLANG_WARN_OBJC_LITERAL_CONVERSION = YES;
				CLANG_WARN_OBJC_ROOT_CLASS = YES_ERROR;
				CLANG_WARN_QUOTED_INCLUDE_IN_FRAMEWORK_HEADER = YES;
				CLANG_WARN_RANGE_LOOP_ANALYSIS = YES;
				CLANG_WARN_STRICT_PROTOTYPES = YES;
				CLANG_WARN_SUSPICIOUS_MOVE = YES;
				CLANG_WARN_UNGUARDED_AVAILABILITY = YES_AGGRESSIVE;
				CLANG_WARN_UNREACHABLE_CODE = YES;
				CLANG_WARN__DUPLICATE_METHOD_MATCH = YES;
				COPY_PHASE_STRIP = NO;
				DEBUG_INFORMATION_FORMAT = dwarf;
				ENABLE_STRICT_OBJC_MSGSEND = YES;
				ENABLE_TESTABILITY = YES;
				ENABLE_USER_SCRIPT_SANDBOXING = YES;
				GCC_C_LANGUAGE_STANDARD = gnu17;
				GCC_DYNAMIC_NO_PIC = NO;
				GCC_NO_COMMON_BLOCKS = YES;
				GCC_OPTIMIZATION_LEVEL = 0;
				GCC_PREPROCESSOR_DEFINITIONS = (
					"DEBUG=1",
					"$(inherited)",
				);
				GCC_WARN_64_TO_32_BIT_CONVERSION = YES;
				GCC_WARN_ABOUT_RETURN_TYPE = YES_ERROR;
				GCC_WARN_UNDECLARED_SELECTOR = YES;
				GCC_WARN_UNINITIALIZED_AUTOS = YES_AGGRESSIVE;
				GCC_WARN_UNUSED_FUNCTION = YES;
				GCC_WARN_UNUSED_VARIABLE = YES;
				IPHONEOS_DEPLOYMENT_TARGET = 17.5;
				LOCALIZATION_PREFERS_STRING_CATALOGS = YES;
				MTL_ENABLE_DEBUG_INFO = INCLUDE_SOURCE;
				MTL_FAST_MATH = YES;
				ONLY_ACTIVE_ARCH = YES;
				SDKROOT = iphoneos;
				SWIFT_ACTIVE_COMPILATION_CONDITIONS = "DEBUG $(inherited)";
				SWIFT_OPTIMIZATION_LEVEL = "-Onone";
			};
			name = Debug;
		};
		C78013502D5F3CDD00E3B293 /* Release */ = {
			isa = XCBuildConfiguration;
			buildSettings = {
				ALWAYS_SEARCH_USER_PATHS = NO;
				ASSETCATALOG_COMPILER_GENERATE_SWIFT_ASSET_SYMBOL_EXTENSIONS = YES;
				CLANG_ANALYZER_NONNULL = YES;
				CLANG_ANALYZER_NUMBER_OBJECT_CONVERSION = YES_AGGRESSIVE;
				CLANG_CXX_LANGUAGE_STANDARD = "gnu++20";
				CLANG_ENABLE_MODULES = YES;
				CLANG_ENABLE_OBJC_ARC = YES;
				CLANG_ENABLE_OBJC_WEAK = YES;
				CLANG_WARN_BLOCK_CAPTURE_AUTORELEASING = YES;
				CLANG_WARN_BOOL_CONVERSION = YES;
				CLANG_WARN_COMMA = YES;
				CLANG_WARN_CONSTANT_CONVERSION = YES;
				CLANG_WARN_DEPRECATED_OBJC_IMPLEMENTATIONS = YES;
				CLANG_WARN_DIRECT_OBJC_ISA_USAGE = YES_ERROR;
				CLANG_WARN_DOCUMENTATION_COMMENTS = YES;
				CLANG_WARN_EMPTY_BODY = YES;
				CLANG_WARN_ENUM_CONVERSION = YES;
				CLANG_WARN_INFINITE_RECURSION = YES;
				CLANG_WARN_INT_CONVERSION = YES;
				CLANG_WARN_NON_LITERAL_NULL_CONVERSION = YES;
				CLANG_WARN_OBJC_IMPLICIT_RETAIN_SELF = YES;
				CLANG_WARN_OBJC_LITERAL_CONVERSION = YES;
				CLANG_WARN_OBJC_ROOT_CLASS = YES_ERROR;
				CLANG_WARN_QUOTED_INCLUDE_IN_FRAMEWORK_HEADER = YES;
				CLANG_WARN_RANGE_LOOP_ANALYSIS = YES;
				CLANG_WARN_STRICT_PROTOTYPES = YES;
				CLANG_WARN_SUSPICIOUS_MOVE = YES;
				CLANG_WARN_UNGUARDED_AVAILABILITY = YES_AGGRESSIVE;
				CLANG_WARN_UNREACHABLE_CODE = YES;
				CLANG_WARN__DUPLICATE_METHOD_MATCH = YES;
				COPY_PHASE_STRIP = NO;
				DEBUG_INFORMATION_FORMAT = "dwarf-with-dsym";
				ENABLE_NS_ASSERTIONS = NO;
				ENABLE_STRICT_OBJC_MSGSEND = YES;
				ENABLE_USER_SCRIPT_SANDBOXING = YES;
				GCC_C_LANGUAGE_STANDARD = gnu17;
				GCC_NO_COMMON_BLOCKS = YES;
				GCC_WARN_64_TO_32_BIT_CONVERSION = YES;
				GCC_WARN_ABOUT_RETURN_TYPE = YES_ERROR;
				GCC_WARN_UNDECLARED_SELECTOR = YES;
				GCC_WARN_UNINITIALIZED_AUTOS = YES_AGGRESSIVE;
				GCC_WARN_UNUSED_FUNCTION = YES;
				GCC_WARN_UNUSED_VARIABLE = YES;
				IPHONEOS_DEPLOYMENT_TARGET = 17.5;
				LOCALIZATION_PREFERS_STRING_CATALOGS = YES;
				MTL_ENABLE_DEBUG_INFO = NO;
				MTL_FAST_MATH = YES;
				SDKROOT = iphoneos;
				SWIFT_COMPILATION_MODE = wholemodule;
				VALIDATE_PRODUCT = YES;
			};
			name = Release;
		};
		C78013522D5F3CDD00E3B293 /* Debug */ = {
			isa = XCBuildConfiguration;
			baseConfigurationReference = 3E19E4FC6CCB98D7416F1268 /* Pods-CoreDataProject.debug.xcconfig */;
			buildSettings = {
				ASSETCATALOG_COMPILER_APPICON_NAME = AppIcon;
				ASSETCATALOG_COMPILER_GLOBAL_ACCENT_COLOR_NAME = AccentColor;
				CODE_SIGN_STYLE = Automatic;
				CURRENT_PROJECT_VERSION = 1;
				DEVELOPMENT_TEAM = 4KFUD4SUDH;
				ENABLE_USER_SCRIPT_SANDBOXING = NO;
				GENERATE_INFOPLIST_FILE = YES;
				INFOPLIST_FILE = CoreDataProject/Info.plist;
				INFOPLIST_KEY_UIApplicationSupportsIndirectInputEvents = YES;
				INFOPLIST_KEY_UILaunchStoryboardName = LaunchScreen;
				INFOPLIST_KEY_UISupportedInterfaceOrientations_iPad = "UIInterfaceOrientationPortrait UIInterfaceOrientationPortraitUpsideDown UIInterfaceOrientationLandscapeLeft UIInterfaceOrientationLandscapeRight";
				INFOPLIST_KEY_UISupportedInterfaceOrientations_iPhone = "UIInterfaceOrientationPortrait UIInterfaceOrientationLandscapeLeft UIInterfaceOrientationLandscapeRight";
				LD_RUNPATH_SEARCH_PATHS = (
					"$(inherited)",
					"@executable_path/Frameworks",
				);
				MARKETING_VERSION = 1.0;
				PRODUCT_BUNDLE_IDENTIFIER = koda.CoreDataProject;
				PRODUCT_NAME = "$(TARGET_NAME)";
				SWIFT_EMIT_LOC_STRINGS = YES;
				SWIFT_VERSION = 5.0;
				TARGETED_DEVICE_FAMILY = "1,2";
			};
			name = Debug;
		};
		C78013532D5F3CDD00E3B293 /* Release */ = {
			isa = XCBuildConfiguration;
			baseConfigurationReference = 1AD9FBC03431E83187760690 /* Pods-CoreDataProject.release.xcconfig */;
			buildSettings = {
				ASSETCATALOG_COMPILER_APPICON_NAME = AppIcon;
				ASSETCATALOG_COMPILER_GLOBAL_ACCENT_COLOR_NAME = AccentColor;
				CODE_SIGN_STYLE = Automatic;
				CURRENT_PROJECT_VERSION = 1;
				DEVELOPMENT_TEAM = 4KFUD4SUDH;
				ENABLE_USER_SCRIPT_SANDBOXING = NO;
				GENERATE_INFOPLIST_FILE = YES;
				INFOPLIST_FILE = CoreDataProject/Info.plist;
				INFOPLIST_KEY_UIApplicationSupportsIndirectInputEvents = YES;
				INFOPLIST_KEY_UILaunchStoryboardName = LaunchScreen;
				INFOPLIST_KEY_UISupportedInterfaceOrientations_iPad = "UIInterfaceOrientationPortrait UIInterfaceOrientationPortraitUpsideDown UIInterfaceOrientationLandscapeLeft UIInterfaceOrientationLandscapeRight";
				INFOPLIST_KEY_UISupportedInterfaceOrientations_iPhone = "UIInterfaceOrientationPortrait UIInterfaceOrientationLandscapeLeft UIInterfaceOrientationLandscapeRight";
				LD_RUNPATH_SEARCH_PATHS = (
					"$(inherited)",
					"@executable_path/Frameworks",
				);
				MARKETING_VERSION = 1.0;
				PRODUCT_BUNDLE_IDENTIFIER = koda.CoreDataProject;
				PRODUCT_NAME = "$(TARGET_NAME)";
				SWIFT_EMIT_LOC_STRINGS = YES;
				SWIFT_VERSION = 5.0;
				TARGETED_DEVICE_FAMILY = "1,2";
			};
			name = Release;
		};
/* End XCBuildConfiguration section */

/* Begin XCConfigurationList section */
		C78013352D5F3CDC00E3B293 /* Build configuration list for PBXProject "CoreDataProject" */ = {
			isa = XCConfigurationList;
			buildConfigurations = (
				C780134F2D5F3CDD00E3B293 /* Debug */,
				C78013502D5F3CDD00E3B293 /* Release */,
			);
			defaultConfigurationIsVisible = 0;
			defaultConfigurationName = Release;
		};
		C78013512D5F3CDD00E3B293 /* Build configuration list for PBXNativeTarget "CoreDataProject" */ = {
			isa = XCConfigurationList;
			buildConfigurations = (
				C78013522D5F3CDD00E3B293 /* Debug */,
				C78013532D5F3CDD00E3B293 /* Release */,
			);
			defaultConfigurationIsVisible = 0;
			defaultConfigurationName = Release;
		};
/* End XCConfigurationList section */

/* Begin XCVersionGroup section */
		C78013462D5F3CDC00E3B293 /* CoreDataProject.xcdatamodeld */ = {
			isa = XCVersionGroup;
			children = (
				C78013472D5F3CDC00E3B293 /* CoreDataProject.xcdatamodel */,
			);
			currentVersion = C78013472D5F3CDC00E3B293 /* CoreDataProject.xcdatamodel */;
			path = CoreDataProject.xcdatamodeld;
			sourceTree = "<group>";
			versionGroupType = wrapper.xcdatamodel;
		};
/* End XCVersionGroup section */
	};
	rootObject = C78013322D5F3CDC00E3B293 /* Project object */;
}
